// !$*UTF8*$!
{
	archiveVersion = 1;
	classes = {
	};
	objectVersion = 46;
	objects = {

/* Begin PBXBuildFile section */
		A995D7451ED453F500E24736 /* BrewManager.swift in Sources */ = {isa = PBXBuildFile; fileRef = A995D7441ED453F500E24736 /* BrewManager.swift */; };
		A998159B1F3DD3A900029411 /* Settings.swift in Sources */ = {isa = PBXBuildFile; fileRef = A998159A1F3DD3A900029411 /* Settings.swift */; };
		A9D022341ED04B3600F4C557 /* AppDelegate.swift in Sources */ = {isa = PBXBuildFile; fileRef = A9D022331ED04B3600F4C557 /* AppDelegate.swift */; };
		A9D022381ED04B3600F4C557 /* Assets.xcassets in Resources */ = {isa = PBXBuildFile; fileRef = A9D022371ED04B3600F4C557 /* Assets.xcassets */; };
		A9D022431ED04C1F00F4C557 /* MainMenu.xib in Resources */ = {isa = PBXBuildFile; fileRef = A9D022421ED04C1F00F4C557 /* MainMenu.xib */; };
		A9D022461ED04DAB00F4C557 /* CheckViewController.swift in Sources */ = {isa = PBXBuildFile; fileRef = A9D022441ED04DAB00F4C557 /* CheckViewController.swift */; };
		A9D022471ED04DAB00F4C557 /* CheckViewController.xib in Resources */ = {isa = PBXBuildFile; fileRef = A9D022451ED04DAB00F4C557 /* CheckViewController.xib */; };
		A9D022491ED04E0E00F4C557 /* PopoverController.swift in Sources */ = {isa = PBXBuildFile; fileRef = A9D022481ED04E0E00F4C557 /* PopoverController.swift */; };
		A9E31CD31ED1A41800A3DAC5 /* OutdatedCellView.swift in Sources */ = {isa = PBXBuildFile; fileRef = A9E31CD21ED1A41800A3DAC5 /* OutdatedCellView.swift */; };
/* End PBXBuildFile section */

/* Begin PBXFileReference section */
		A995D7441ED453F500E24736 /* BrewManager.swift */ = {isa = PBXFileReference; fileEncoding = 4; lastKnownFileType = sourcecode.swift; path = BrewManager.swift; sourceTree = "<group>"; };
		A998159A1F3DD3A900029411 /* Settings.swift */ = {isa = PBXFileReference; fileEncoding = 4; lastKnownFileType = sourcecode.swift; path = Settings.swift; sourceTree = "<group>"; };
		A9D022301ED04B3600F4C557 /* BrewChecker.app */ = {isa = PBXFileReference; explicitFileType = wrapper.application; includeInIndex = 0; path = BrewChecker.app; sourceTree = BUILT_PRODUCTS_DIR; };
		A9D022331ED04B3600F4C557 /* AppDelegate.swift */ = {isa = PBXFileReference; lastKnownFileType = sourcecode.swift; path = AppDelegate.swift; sourceTree = "<group>"; };
		A9D022371ED04B3600F4C557 /* Assets.xcassets */ = {isa = PBXFileReference; lastKnownFileType = folder.assetcatalog; path = Assets.xcassets; sourceTree = "<group>"; };
		A9D0223C1ED04B3600F4C557 /* Info.plist */ = {isa = PBXFileReference; lastKnownFileType = text.plist.xml; path = Info.plist; sourceTree = "<group>"; };
		A9D022421ED04C1F00F4C557 /* MainMenu.xib */ = {isa = PBXFileReference; fileEncoding = 4; lastKnownFileType = file.xib; path = MainMenu.xib; sourceTree = "<group>"; };
		A9D022441ED04DAB00F4C557 /* CheckViewController.swift */ = {isa = PBXFileReference; fileEncoding = 4; lastKnownFileType = sourcecode.swift; path = CheckViewController.swift; sourceTree = "<group>"; };
		A9D022451ED04DAB00F4C557 /* CheckViewController.xib */ = {isa = PBXFileReference; fileEncoding = 4; lastKnownFileType = file.xib; path = CheckViewController.xib; sourceTree = "<group>"; };
		A9D022481ED04E0E00F4C557 /* PopoverController.swift */ = {isa = PBXFileReference; fileEncoding = 4; lastKnownFileType = sourcecode.swift; path = PopoverController.swift; sourceTree = "<group>"; };
		A9E31CD21ED1A41800A3DAC5 /* OutdatedCellView.swift */ = {isa = PBXFileReference; fileEncoding = 4; lastKnownFileType = sourcecode.swift; path = OutdatedCellView.swift; sourceTree = "<group>"; };
/* End PBXFileReference section */

/* Begin PBXFrameworksBuildPhase section */
		A9D0222D1ED04B3600F4C557 /* Frameworks */ = {
			isa = PBXFrameworksBuildPhase;
			buildActionMask = 2147483647;
			files = (
			);
			runOnlyForDeploymentPostprocessing = 0;
		};
/* End PBXFrameworksBuildPhase section */

/* Begin PBXGroup section */
		A9D022271ED04B3600F4C557 = {
			isa = PBXGroup;
			children = (
				A9D022321ED04B3600F4C557 /* BrewChecker */,
				A9D022311ED04B3600F4C557 /* Products */,
			);
			sourceTree = "<group>";
		};
		A9D022311ED04B3600F4C557 /* Products */ = {
			isa = PBXGroup;
			children = (
				A9D022301ED04B3600F4C557 /* BrewChecker.app */,
			);
			name = Products;
			sourceTree = "<group>";
		};
		A9D022321ED04B3600F4C557 /* BrewChecker */ = {
			isa = PBXGroup;
			children = (
				A9D022331ED04B3600F4C557 /* AppDelegate.swift */,
				A998159A1F3DD3A900029411 /* Settings.swift */,
				A9D022371ED04B3600F4C557 /* Assets.xcassets */,
				A9D0223C1ED04B3600F4C557 /* Info.plist */,
				A9D022421ED04C1F00F4C557 /* MainMenu.xib */,
				A9D022441ED04DAB00F4C557 /* CheckViewController.swift */,
				A9D022451ED04DAB00F4C557 /* CheckViewController.xib */,
				A9D022481ED04E0E00F4C557 /* PopoverController.swift */,
				A9E31CD21ED1A41800A3DAC5 /* OutdatedCellView.swift */,
				A995D7441ED453F500E24736 /* BrewManager.swift */,
			);
			path = BrewChecker;
			sourceTree = "<group>";
		};
/* End PBXGroup section */

/* Begin PBXNativeTarget section */
		A9D0222F1ED04B3600F4C557 /* BrewChecker */ = {
			isa = PBXNativeTarget;
			buildConfigurationList = A9D0223F1ED04B3600F4C557 /* Build configuration list for PBXNativeTarget "BrewChecker" */;
			buildPhases = (
				A9D0222C1ED04B3600F4C557 /* Sources */,
				A9D0222D1ED04B3600F4C557 /* Frameworks */,
				A9D0222E1ED04B3600F4C557 /* Resources */,
			);
			buildRules = (
			);
			dependencies = (
			);
			name = BrewChecker;
			productName = BrewChecker;
			productReference = A9D022301ED04B3600F4C557 /* BrewChecker.app */;
			productType = "com.apple.product-type.application";
		};
/* End PBXNativeTarget section */

/* Begin PBXProject section */
		A9D022281ED04B3600F4C557 /* Project object */ = {
			isa = PBXProject;
			attributes = {
				LastSwiftUpdateCheck = 0830;
				LastUpgradeCheck = 0830;
				ORGANIZATIONNAME = Marco;
				TargetAttributes = {
					A9D0222F1ED04B3600F4C557 = {
						CreatedOnToolsVersion = 8.3.2;
						DevelopmentTeam = JMHY7ZP96Z;
						ProvisioningStyle = Automatic;
					};
				};
			};
			buildConfigurationList = A9D0222B1ED04B3600F4C557 /* Build configuration list for PBXProject "BrewChecker" */;
			compatibilityVersion = "Xcode 3.2";
			developmentRegion = English;
			hasScannedForEncodings = 0;
			knownRegions = (
				en,
				Base,
			);
			mainGroup = A9D022271ED04B3600F4C557;
			productRefGroup = A9D022311ED04B3600F4C557 /* Products */;
			projectDirPath = "";
			projectRoot = "";
			targets = (
				A9D0222F1ED04B3600F4C557 /* BrewChecker */,
			);
		};
/* End PBXProject section */

/* Begin PBXResourcesBuildPhase section */
		A9D0222E1ED04B3600F4C557 /* Resources */ = {
			isa = PBXResourcesBuildPhase;
			buildActionMask = 2147483647;
			files = (
				A9D022471ED04DAB00F4C557 /* CheckViewController.xib in Resources */,
				A9D022381ED04B3600F4C557 /* Assets.xcassets in Resources */,
				A9D022431ED04C1F00F4C557 /* MainMenu.xib in Resources */,
			);
			runOnlyForDeploymentPostprocessing = 0;
		};
/* End PBXResourcesBuildPhase section */

/* Begin PBXSourcesBuildPhase section */
		A9D0222C1ED04B3600F4C557 /* Sources */ = {
			isa = PBXSourcesBuildPhase;
			buildActionMask = 2147483647;
			files = (
				A9D022341ED04B3600F4C557 /* AppDelegate.swift in Sources */,
				A995D7451ED453F500E24736 /* BrewManager.swift in Sources */,
				A998159B1F3DD3A900029411 /* Settings.swift in Sources */,
				A9D022491ED04E0E00F4C557 /* PopoverController.swift in Sources */,
				A9E31CD31ED1A41800A3DAC5 /* OutdatedCellView.swift in Sources */,
				A9D022461ED04DAB00F4C557 /* CheckViewController.swift in Sources */,
			);
			runOnlyForDeploymentPostprocessing = 0;
		};
/* End PBXSourcesBuildPhase section */

/* Begin XCBuildConfiguration section */
		A9D0223D1ED04B3600F4C557 /* Debug */ = {
			isa = XCBuildConfiguration;
			buildSettings = {
				ALWAYS_SEARCH_USER_PATHS = NO;
				CLANG_ANALYZER_NONNULL = YES;
				CLANG_ANALYZER_NUMBER_OBJECT_CONVERSION = YES_AGGRESSIVE;
				CLANG_CXX_LANGUAGE_STANDARD = "gnu++0x";
				CLANG_CXX_LIBRARY = "libc++";
				CLANG_ENABLE_MODULES = YES;
				CLANG_ENABLE_OBJC_ARC = YES;
				CLANG_WARN_BOOL_CONVERSION = YES;
				CLANG_WARN_CONSTANT_CONVERSION = YES;
				CLANG_WARN_DIRECT_OBJC_ISA_USAGE = YES_ERROR;
				CLANG_WARN_DOCUMENTATION_COMMENTS = YES;
				CLANG_WARN_EMPTY_BODY = YES;
				CLANG_WARN_ENUM_CONVERSION = YES;
				CLANG_WARN_INFINITE_RECURSION = YES;
				CLANG_WARN_INT_CONVERSION = YES;
				CLANG_WARN_OBJC_ROOT_CLASS = YES_ERROR;
				CLANG_WARN_SUSPICIOUS_MOVE = YES;
				CLANG_WARN_UNREACHABLE_CODE = YES;
				CLANG_WARN__DUPLICATE_METHOD_MATCH = YES;
				CODE_SIGN_IDENTITY = "-";
				COPY_PHASE_STRIP = NO;
				DEBUG_INFORMATION_FORMAT = dwarf;
				ENABLE_STRICT_OBJC_MSGSEND = YES;
				ENABLE_TESTABILITY = YES;
				GCC_C_LANGUAGE_STANDARD = gnu99;
				GCC_DYNAMIC_NO_PIC = NO;
				GCC_NO_COMMON_BLOCKS = YES;
				GCC_OPTIMIZATION_LEVEL = 0;
				GCC_PREPROCESSOR_DEFINITIONS = (
					"DEBUG=1",
					"$(inherited)",
				);
				GCC_WARN_64_TO_32_BIT_CONVERSION = YES;
				GCC_WARN_ABOUT_RETURN_TYPE = YES_ERROR;
				GCC_WARN_UNDECLARED_SELECTOR = YES;
				GCC_WARN_UNINITIALIZED_AUTOS = YES_AGGRESSIVE;
				GCC_WARN_UNUSED_FUNCTION = YES;
				GCC_WARN_UNUSED_VARIABLE = YES;
				MACOSX_DEPLOYMENT_TARGET = 10.12;
				MTL_ENABLE_DEBUG_INFO = YES;
				ONLY_ACTIVE_ARCH = YES;
				SDKROOT = macosx;
				SWIFT_ACTIVE_COMPILATION_CONDITIONS = DEBUG;
				SWIFT_OPTIMIZATION_LEVEL = "-Onone";
			};
			name = Debug;
		};
		A9D0223E1ED04B3600F4C557 /* Release */ = {
			isa = XCBuildConfiguration;
			buildSettings = {
				ALWAYS_SEARCH_USER_PATHS = NO;
				CLANG_ANALYZER_NONNULL = YES;
				CLANG_ANALYZER_NUMBER_OBJECT_CONVERSION = YES_AGGRESSIVE;
				CLANG_CXX_LANGUAGE_STANDARD = "gnu++0x";
				CLANG_CXX_LIBRARY = "libc++";
				CLANG_ENABLE_MODULES = YES;
				CLANG_ENABLE_OBJC_ARC = YES;
				CLANG_WARN_BOOL_CONVERSION = YES;
				CLANG_WARN_CONSTANT_CONVERSION = YES;
				CLANG_WARN_DIRECT_OBJC_ISA_USAGE = YES_ERROR;
				CLANG_WARN_DOCUMENTATION_COMMENTS = YES;
				CLANG_WARN_EMPTY_BODY = YES;
				CLANG_WARN_ENUM_CONVERSION = YES;
				CLANG_WARN_INFINITE_RECURSION = YES;
				CLANG_WARN_INT_CONVERSION = YES;
				CLANG_WARN_OBJC_ROOT_CLASS = YES_ERROR;
				CLANG_WARN_SUSPICIOUS_MOVE = YES;
				CLANG_WARN_UNREACHABLE_CODE = YES;
				CLANG_WARN__DUPLICATE_METHOD_MATCH = YES;
				CODE_SIGN_IDENTITY = "-";
				COPY_PHASE_STRIP = NO;
				DEBUG_INFORMATION_FORMAT = "dwarf-with-dsym";
				ENABLE_NS_ASSERTIONS = NO;
				ENABLE_STRICT_OBJC_MSGSEND = YES;
				GCC_C_LANGUAGE_STANDARD = gnu99;
				GCC_NO_COMMON_BLOCKS = YES;
				GCC_WARN_64_TO_32_BIT_CONVERSION = YES;
				GCC_WARN_ABOUT_RETURN_TYPE = YES_ERROR;
				GCC_WARN_UNDECLARED_SELECTOR = YES;
				GCC_WARN_UNINITIALIZED_AUTOS = YES_AGGRESSIVE;
				GCC_WARN_UNUSED_FUNCTION = YES;
				GCC_WARN_UNUSED_VARIABLE = YES;
				MACOSX_DEPLOYMENT_TARGET = 10.12;
				MTL_ENABLE_DEBUG_INFO = NO;
				SDKROOT = macosx;
				SWIFT_OPTIMIZATION_LEVEL = "-Owholemodule";
			};
			name = Release;
		};
		A9D022401ED04B3600F4C557 /* Debug */ = {
			isa = XCBuildConfiguration;
			buildSettings = {
				ASSETCATALOG_COMPILER_APPICON_NAME = AppIcon;
				COMBINE_HIDPI_IMAGES = YES;
				DEVELOPMENT_TEAM = JMHY7ZP96Z;
				INFOPLIST_FILE = BrewChecker/Info.plist;
				LD_RUNPATH_SEARCH_PATHS = "$(inherited) @executable_path/../Frameworks";
				PRODUCT_BUNDLE_IDENTIFIER = Marco.BrewChecker;
				PRODUCT_NAME = "$(TARGET_NAME)";
				SWIFT_VERSION = 3.0;
			};
			name = Debug;
		};
		A9D022411ED04B3600F4C557 /* Release */ = {
			isa = XCBuildConfiguration;
			buildSettings = {
				ASSETCATALOG_COMPILER_APPICON_NAME = AppIcon;
				COMBINE_HIDPI_IMAGES = YES;
				DEVELOPMENT_TEAM = JMHY7ZP96Z;
				INFOPLIST_FILE = BrewChecker/Info.plist;
				LD_RUNPATH_SEARCH_PATHS = "$(inherited) @executable_path/../Frameworks";
				PRODUCT_BUNDLE_IDENTIFIER = Marco.BrewChecker;
				PRODUCT_NAME = "$(TARGET_NAME)";
				SWIFT_VERSION = 3.0;
			};
			name = Release;
		};
/* End XCBuildConfiguration section */

/* Begin XCConfigurationList section */
		A9D0222B1ED04B3600F4C557 /* Build configuration list for PBXProject "BrewChecker" */ = {
			isa = XCConfigurationList;
			buildConfigurations = (
				A9D0223D1ED04B3600F4C557 /* Debug */,
				A9D0223E1ED04B3600F4C557 /* Release */,
			);
			defaultConfigurationIsVisible = 0;
			defaultConfigurationName = Release;
		};
		A9D0223F1ED04B3600F4C557 /* Build configuration list for PBXNativeTarget "BrewChecker" */ = {
			isa = XCConfigurationList;
			buildConfigurations = (
				A9D022401ED04B3600F4C557 /* Debug */,
				A9D022411ED04B3600F4C557 /* Release */,
			);
			defaultConfigurationIsVisible = 0;
			defaultConfigurationName = Release;
		};
/* End XCConfigurationList section */
	};
	rootObject = A9D022281ED04B3600F4C557 /* Project object */;
}
